// !$*UTF8*$!
{
	archiveVersion = 1;
	classes = {
	};
	objectVersion = 56;
	objects = {

/* Begin PBXBuildFile section */
		AC7740C42CA4EE0700EAFC10 /* FlickrAppApp.swift in Sources */ = {isa = PBXBuildFile; fileRef = AC7740C32CA4EE0700EAFC10 /* FlickrAppApp.swift */; };
		AC7740C62CA4EE0700EAFC10 /* ContentView.swift in Sources */ = {isa = PBXBuildFile; fileRef = AC7740C52CA4EE0700EAFC10 /* ContentView.swift */; };
		AC7740C82CA4EE0800EAFC10 /* Assets.xcassets in Resources */ = {isa = PBXBuildFile; fileRef = AC7740C72CA4EE0800EAFC10 /* Assets.xcassets */; };
		AC7740CB2CA4EE0800EAFC10 /* Preview Assets.xcassets in Resources */ = {isa = PBXBuildFile; fileRef = AC7740CA2CA4EE0800EAFC10 /* Preview Assets.xcassets */; };
		AC7740CD2CA4EE0800EAFC10 /* Persistence.swift in Sources */ = {isa = PBXBuildFile; fileRef = AC7740CC2CA4EE0800EAFC10 /* Persistence.swift */; };
		AC7740D02CA4EE0800EAFC10 /* FlickrApp.xcdatamodeld in Sources */ = {isa = PBXBuildFile; fileRef = AC7740CE2CA4EE0800EAFC10 /* FlickrApp.xcdatamodeld */; };
		AC7740DA2CA4EE0800EAFC10 /* FlickrAppTests.swift in Sources */ = {isa = PBXBuildFile; fileRef = AC7740D92CA4EE0800EAFC10 /* FlickrAppTests.swift */; };
		AC7740E42CA4EE0800EAFC10 /* FlickrAppUITests.swift in Sources */ = {isa = PBXBuildFile; fileRef = AC7740E32CA4EE0800EAFC10 /* FlickrAppUITests.swift */; };
		AC7740E62CA4EE0900EAFC10 /* FlickrAppUITestsLaunchTests.swift in Sources */ = {isa = PBXBuildFile; fileRef = AC7740E52CA4EE0900EAFC10 /* FlickrAppUITestsLaunchTests.swift */; };
/* End PBXBuildFile section */

/* Begin PBXContainerItemProxy section */
		AC7740D62CA4EE0800EAFC10 /* PBXContainerItemProxy */ = {
			isa = PBXContainerItemProxy;
			containerPortal = AC7740B82CA4EE0700EAFC10 /* Project object */;
			proxyType = 1;
			remoteGlobalIDString = AC7740BF2CA4EE0700EAFC10;
			remoteInfo = FlickrApp;
		};
		AC7740E02CA4EE0800EAFC10 /* PBXContainerItemProxy */ = {
			isa = PBXContainerItemProxy;
			containerPortal = AC7740B82CA4EE0700EAFC10 /* Project object */;
			proxyType = 1;
			remoteGlobalIDString = AC7740BF2CA4EE0700EAFC10;
			remoteInfo = FlickrApp;
		};
/* End PBXContainerItemProxy section */

/* Begin PBXFileReference section */
		AC7740C02CA4EE0700EAFC10 /* FlickrApp.app */ = {isa = PBXFileReference; explicitFileType = wrapper.application; includeInIndex = 0; path = FlickrApp.app; sourceTree = BUILT_PRODUCTS_DIR; };
		AC7740C32CA4EE0700EAFC10 /* FlickrAppApp.swift */ = {isa = PBXFileReference; lastKnownFileType = sourcecode.swift; path = FlickrAppApp.swift; sourceTree = "<group>"; };
		AC7740C52CA4EE0700EAFC10 /* ContentView.swift */ = {isa = PBXFileReference; lastKnownFileType = sourcecode.swift; path = ContentView.swift; sourceTree = "<group>"; };
		AC7740C72CA4EE0800EAFC10 /* Assets.xcassets */ = {isa = PBXFileReference; lastKnownFileType = folder.assetcatalog; path = Assets.xcassets; sourceTree = "<group>"; };
		AC7740CA2CA4EE0800EAFC10 /* Preview Assets.xcassets */ = {isa = PBXFileReference; lastKnownFileType = folder.assetcatalog; path = "Preview Assets.xcassets"; sourceTree = "<group>"; };
		AC7740CC2CA4EE0800EAFC10 /* Persistence.swift */ = {isa = PBXFileReference; lastKnownFileType = sourcecode.swift; path = Persistence.swift; sourceTree = "<group>"; };
		AC7740CF2CA4EE0800EAFC10 /* FlickrApp.xcdatamodel */ = {isa = PBXFileReference; lastKnownFileType = wrapper.xcdatamodel; path = FlickrApp.xcdatamodel; sourceTree = "<group>"; };
		AC7740D52CA4EE0800EAFC10 /* FlickrAppTests.xctest */ = {isa = PBXFileReference; explicitFileType = wrapper.cfbundle; includeInIndex = 0; path = FlickrAppTests.xctest; sourceTree = BUILT_PRODUCTS_DIR; };
		AC7740D92CA4EE0800EAFC10 /* FlickrAppTests.swift */ = {isa = PBXFileReference; lastKnownFileType = sourcecode.swift; path = FlickrAppTests.swift; sourceTree = "<group>"; };
		AC7740DF2CA4EE0800EAFC10 /* FlickrAppUITests.xctest */ = {isa = PBXFileReference; explicitFileType = wrapper.cfbundle; includeInIndex = 0; path = FlickrAppUITests.xctest; sourceTree = BUILT_PRODUCTS_DIR; };
		AC7740E32CA4EE0800EAFC10 /* FlickrAppUITests.swift */ = {isa = PBXFileReference; lastKnownFileType = sourcecode.swift; path = FlickrAppUITests.swift; sourceTree = "<group>"; };
		AC7740E52CA4EE0900EAFC10 /* FlickrAppUITestsLaunchTests.swift */ = {isa = PBXFileReference; lastKnownFileType = sourcecode.swift; path = FlickrAppUITestsLaunchTests.swift; sourceTree = "<group>"; };
/* End PBXFileReference section */

/* Begin PBXFrameworksBuildPhase section */
		AC7740BD2CA4EE0700EAFC10 /* Frameworks */ = {
			isa = PBXFrameworksBuildPhase;
			buildActionMask = 2147483647;
			files = (
			);
			runOnlyForDeploymentPostprocessing = 0;
		};
		AC7740D22CA4EE0800EAFC10 /* Frameworks */ = {
			isa = PBXFrameworksBuildPhase;
			buildActionMask = 2147483647;
			files = (
			);
			runOnlyForDeploymentPostprocessing = 0;
		};
		AC7740DC2CA4EE0800EAFC10 /* Frameworks */ = {
			isa = PBXFrameworksBuildPhase;
			buildActionMask = 2147483647;
			files = (
			);
			runOnlyForDeploymentPostprocessing = 0;
		};
/* End PBXFrameworksBuildPhase section */

/* Begin PBXGroup section */
		AC7740B72CA4EE0700EAFC10 = {
			isa = PBXGroup;
			children = (
				AC7740C22CA4EE0700EAFC10 /* FlickrApp */,
				AC7740D82CA4EE0800EAFC10 /* FlickrAppTests */,
				AC7740E22CA4EE0800EAFC10 /* FlickrAppUITests */,
				AC7740C12CA4EE0700EAFC10 /* Products */,
			);
			sourceTree = "<group>";
		};
		AC7740C12CA4EE0700EAFC10 /* Products */ = {
			isa = PBXGroup;
			children = (
				AC7740C02CA4EE0700EAFC10 /* FlickrApp.app */,
				AC7740D52CA4EE0800EAFC10 /* FlickrAppTests.xctest */,
				AC7740DF2CA4EE0800EAFC10 /* FlickrAppUITests.xctest */,
			);
			name = Products;
			sourceTree = "<group>";
		};
		AC7740C22CA4EE0700EAFC10 /* FlickrApp */ = {
			isa = PBXGroup;
			children = (
				AC7740C32CA4EE0700EAFC10 /* FlickrAppApp.swift */,
				AC7740C52CA4EE0700EAFC10 /* ContentView.swift */,
				AC7740C72CA4EE0800EAFC10 /* Assets.xcassets */,
				AC7740CC2CA4EE0800EAFC10 /* Persistence.swift */,
				AC7740CE2CA4EE0800EAFC10 /* FlickrApp.xcdatamodeld */,
				AC7740C92CA4EE0800EAFC10 /* Preview Content */,
			);
			path = FlickrApp;
			sourceTree = "<group>";
		};
		AC7740C92CA4EE0800EAFC10 /* Preview Content */ = {
			isa = PBXGroup;
			children = (
				AC7740CA2CA4EE0800EAFC10 /* Preview Assets.xcassets */,
			);
			path = "Preview Content";
			sourceTree = "<group>";
		};
		AC7740D82CA4EE0800EAFC10 /* FlickrAppTests */ = {
			isa = PBXGroup;
			children = (
				AC7740D92CA4EE0800EAFC10 /* FlickrAppTests.swift */,
			);
			path = FlickrAppTests;
			sourceTree = "<group>";
		};
		AC7740E22CA4EE0800EAFC10 /* FlickrAppUITests */ = {
			isa = PBXGroup;
			children = (
				AC7740E32CA4EE0800EAFC10 /* FlickrAppUITests.swift */,
				AC7740E52CA4EE0900EAFC10 /* FlickrAppUITestsLaunchTests.swift */,
			);
			path = FlickrAppUITests;
			sourceTree = "<group>";
		};
/* End PBXGroup section */

/* Begin PBXNativeTarget section */
		AC7740BF2CA4EE0700EAFC10 /* FlickrApp */ = {
			isa = PBXNativeTarget;
			buildConfigurationList = AC7740E92CA4EE0900EAFC10 /* Build configuration list for PBXNativeTarget "FlickrApp" */;
			buildPhases = (
				AC7740BC2CA4EE0700EAFC10 /* Sources */,
				AC7740BD2CA4EE0700EAFC10 /* Frameworks */,
				AC7740BE2CA4EE0700EAFC10 /* Resources */,
			);
			buildRules = (
			);
			dependencies = (
			);
			name = FlickrApp;
			productName = FlickrApp;
			productReference = AC7740C02CA4EE0700EAFC10 /* FlickrApp.app */;
			productType = "com.apple.product-type.application";
		};
		AC7740D42CA4EE0800EAFC10 /* FlickrAppTests */ = {
			isa = PBXNativeTarget;
			buildConfigurationList = AC7740EC2CA4EE0900EAFC10 /* Build configuration list for PBXNativeTarget "FlickrAppTests" */;
			buildPhases = (
				AC7740D12CA4EE0800EAFC10 /* Sources */,
				AC7740D22CA4EE0800EAFC10 /* Frameworks */,
				AC7740D32CA4EE0800EAFC10 /* Resources */,
			);
			buildRules = (
			);
			dependencies = (
				AC7740D72CA4EE0800EAFC10 /* PBXTargetDependency */,
			);
			name = FlickrAppTests;
			productName = FlickrAppTests;
			productReference = AC7740D52CA4EE0800EAFC10 /* FlickrAppTests.xctest */;
			productType = "com.apple.product-type.bundle.unit-test";
		};
		AC7740DE2CA4EE0800EAFC10 /* FlickrAppUITests */ = {
			isa = PBXNativeTarget;
			buildConfigurationList = AC7740EF2CA4EE0900EAFC10 /* Build configuration list for PBXNativeTarget "FlickrAppUITests" */;
			buildPhases = (
				AC7740DB2CA4EE0800EAFC10 /* Sources */,
				AC7740DC2CA4EE0800EAFC10 /* Frameworks */,
				AC7740DD2CA4EE0800EAFC10 /* Resources */,
			);
			buildRules = (
			);
			dependencies = (
				AC7740E12CA4EE0800EAFC10 /* PBXTargetDependency */,
			);
			name = FlickrAppUITests;
			productName = FlickrAppUITests;
			productReference = AC7740DF2CA4EE0800EAFC10 /* FlickrAppUITests.xctest */;
			productType = "com.apple.product-type.bundle.ui-testing";
		};
/* End PBXNativeTarget section */

/* Begin PBXProject section */
		AC7740B82CA4EE0700EAFC10 /* Project object */ = {
			isa = PBXProject;
			attributes = {
				BuildIndependentTargetsInParallel = 1;
				LastSwiftUpdateCheck = 1540;
				LastUpgradeCheck = 1540;
				TargetAttributes = {
					AC7740BF2CA4EE0700EAFC10 = {
						CreatedOnToolsVersion = 15.4;
					};
					AC7740D42CA4EE0800EAFC10 = {
						CreatedOnToolsVersion = 15.4;
						TestTargetID = AC7740BF2CA4EE0700EAFC10;
					};
					AC7740DE2CA4EE0800EAFC10 = {
						CreatedOnToolsVersion = 15.4;
						TestTargetID = AC7740BF2CA4EE0700EAFC10;
					};
				};
			};
			buildConfigurationList = AC7740BB2CA4EE0700EAFC10 /* Build configuration list for PBXProject "FlickrApp" */;
			compatibilityVersion = "Xcode 14.0";
			developmentRegion = en;
			hasScannedForEncodings = 0;
			knownRegions = (
				en,
				Base,
			);
			mainGroup = AC7740B72CA4EE0700EAFC10;
			productRefGroup = AC7740C12CA4EE0700EAFC10 /* Products */;
			projectDirPath = "";
			projectRoot = "";
			targets = (
				AC7740BF2CA4EE0700EAFC10 /* FlickrApp */,
				AC7740D42CA4EE0800EAFC10 /* FlickrAppTests */,
				AC7740DE2CA4EE0800EAFC10 /* FlickrAppUITests */,
			);
		};
/* End PBXProject section */

/* Begin PBXResourcesBuildPhase section */
		AC7740BE2CA4EE0700EAFC10 /* Resources */ = {
			isa = PBXResourcesBuildPhase;
			buildActionMask = 2147483647;
			files = (
				AC7740CB2CA4EE0800EAFC10 /* Preview Assets.xcassets in Resources */,
				AC7740C82CA4EE0800EAFC10 /* Assets.xcassets in Resources */,
			);
			runOnlyForDeploymentPostprocessing = 0;
		};
		AC7740D32CA4EE0800EAFC10 /* Resources */ = {
			isa = PBXResourcesBuildPhase;
			buildActionMask = 2147483647;
			files = (
			);
			runOnlyForDeploymentPostprocessing = 0;
		};
		AC7740DD2CA4EE0800EAFC10 /* Resources */ = {
			isa = PBXResourcesBuildPhase;
			buildActionMask = 2147483647;
			files = (
			);
			runOnlyForDeploymentPostprocessing = 0;
		};
/* End PBXResourcesBuildPhase section */

/* Begin PBXSourcesBuildPhase section */
		AC7740BC2CA4EE0700EAFC10 /* Sources */ = {
			isa = PBXSourcesBuildPhase;
			buildActionMask = 2147483647;
			files = (
				AC7740CD2CA4EE0800EAFC10 /* Persistence.swift in Sources */,
				AC7740C62CA4EE0700EAFC10 /* ContentView.swift in Sources */,
				AC7740D02CA4EE0800EAFC10 /* FlickrApp.xcdatamodeld in Sources */,
				AC7740C42CA4EE0700EAFC10 /* FlickrAppApp.swift in Sources */,
			);
			runOnlyForDeploymentPostprocessing = 0;
		};
		AC7740D12CA4EE0800EAFC10 /* Sources */ = {
			isa = PBXSourcesBuildPhase;
			buildActionMask = 2147483647;
			files = (
				AC7740DA2CA4EE0800EAFC10 /* FlickrAppTests.swift in Sources */,
			);
			runOnlyForDeploymentPostprocessing = 0;
		};
		AC7740DB2CA4EE0800EAFC10 /* Sources */ = {
			isa = PBXSourcesBuildPhase;
			buildActionMask = 2147483647;
			files = (
				AC7740E42CA4EE0800EAFC10 /* FlickrAppUITests.swift in Sources */,
				AC7740E62CA4EE0900EAFC10 /* FlickrAppUITestsLaunchTests.swift in Sources */,
			);
			runOnlyForDeploymentPostprocessing = 0;
		};
/* End PBXSourcesBuildPhase section */

/* Begin PBXTargetDependency section */
		AC7740D72CA4EE0800EAFC10 /* PBXTargetDependency */ = {
			isa = PBXTargetDependency;
			target = AC7740BF2CA4EE0700EAFC10 /* FlickrApp */;
			targetProxy = AC7740D62CA4EE0800EAFC10 /* PBXContainerItemProxy */;
		};
		AC7740E12CA4EE0800EAFC10 /* PBXTargetDependency */ = {
			isa = PBXTargetDependency;
			target = AC7740BF2CA4EE0700EAFC10 /* FlickrApp */;
			targetProxy = AC7740E02CA4EE0800EAFC10 /* PBXContainerItemProxy */;
		};
/* End PBXTargetDependency section */

/* Begin XCBuildConfiguration section */
		AC7740E72CA4EE0900EAFC10 /* Debug */ = {
			isa = XCBuildConfiguration;
			buildSettings = {
				ALWAYS_SEARCH_USER_PATHS = NO;
				ASSETCATALOG_COMPILER_GENERATE_SWIFT_ASSET_SYMBOL_EXTENSIONS = YES;
				CLANG_ANALYZER_NONNULL = YES;
				CLANG_ANALYZER_NUMBER_OBJECT_CONVERSION = YES_AGGRESSIVE;
				CLANG_CXX_LANGUAGE_STANDARD = "gnu++20";
				CLANG_ENABLE_MODULES = YES;
				CLANG_ENABLE_OBJC_ARC = YES;
				CLANG_ENABLE_OBJC_WEAK = YES;
				CLANG_WARN_BLOCK_CAPTURE_AUTORELEASING = YES;
				CLANG_WARN_BOOL_CONVERSION = YES;
				CLANG_WARN_COMMA = YES;
				CLANG_WARN_CONSTANT_CONVERSION = YES;
				CLANG_WARN_DEPRECATED_OBJC_IMPLEMENTATIONS = YES;
				CLANG_WARN_DIRECT_OBJC_ISA_USAGE = YES_ERROR;
				CLANG_WARN_DOCUMENTATION_COMMENTS = YES;
				CLANG_WARN_EMPTY_BODY = YES;
				CLANG_WARN_ENUM_CONVERSION = YES;
				CLANG_WARN_INFINITE_RECURSION = YES;
				CLANG_WARN_INT_CONVERSION = YES;
				CLANG_WARN_NON_LITERAL_NULL_CONVERSION = YES;
				CLANG_WARN_OBJC_IMPLICIT_RETAIN_SELF = YES;
				CLANG_WARN_OBJC_LITERAL_CONVERSION = YES;
				CLANG_WARN_OBJC_ROOT_CLASS = YES_ERROR;
				CLANG_WARN_QUOTED_INCLUDE_IN_FRAMEWORK_HEADER = YES;
				CLANG_WARN_RANGE_LOOP_ANALYSIS = YES;
				CLANG_WARN_STRICT_PROTOTYPES = YES;
				CLANG_WARN_SUSPICIOUS_MOVE = YES;
				CLANG_WARN_UNGUARDED_AVAILABILITY = YES_AGGRESSIVE;
				CLANG_WARN_UNREACHABLE_CODE = YES;
				CLANG_WARN__DUPLICATE_METHOD_MATCH = YES;
				COPY_PHASE_STRIP = NO;
				DEBUG_INFORMATION_FORMAT = dwarf;
				ENABLE_STRICT_OBJC_MSGSEND = YES;
				ENABLE_TESTABILITY = YES;
				ENABLE_USER_SCRIPT_SANDBOXING = YES;
				GCC_C_LANGUAGE_STANDARD = gnu17;
				GCC_DYNAMIC_NO_PIC = NO;
				GCC_NO_COMMON_BLOCKS = YES;
				GCC_OPTIMIZATION_LEVEL = 0;
				GCC_PREPROCESSOR_DEFINITIONS = (
					"DEBUG=1",
					"$(inherited)",
				);
				GCC_WARN_64_TO_32_BIT_CONVERSION = YES;
				GCC_WARN_ABOUT_RETURN_TYPE = YES_ERROR;
				GCC_WARN_UNDECLARED_SELECTOR = YES;
				GCC_WARN_UNINITIALIZED_AUTOS = YES_AGGRESSIVE;
				GCC_WARN_UNUSED_FUNCTION = YES;
				GCC_WARN_UNUSED_VARIABLE = YES;
				IPHONEOS_DEPLOYMENT_TARGET = 17.5;
				LOCALIZATION_PREFERS_STRING_CATALOGS = YES;
				MTL_ENABLE_DEBUG_INFO = INCLUDE_SOURCE;
				MTL_FAST_MATH = YES;
				ONLY_ACTIVE_ARCH = YES;
				SDKROOT = iphoneos;
				SWIFT_ACTIVE_COMPILATION_CONDITIONS = "DEBUG $(inherited)";
				SWIFT_OPTIMIZATION_LEVEL = "-Onone";
			};
			name = Debug;
		};
		AC7740E82CA4EE0900EAFC10 /* Release */ = {
			isa = XCBuildConfiguration;
			buildSettings = {
				ALWAYS_SEARCH_USER_PATHS = NO;
				ASSETCATALOG_COMPILER_GENERATE_SWIFT_ASSET_SYMBOL_EXTENSIONS = YES;
				CLANG_ANALYZER_NONNULL = YES;
				CLANG_ANALYZER_NUMBER_OBJECT_CONVERSION = YES_AGGRESSIVE;
				CLANG_CXX_LANGUAGE_STANDARD = "gnu++20";
				CLANG_ENABLE_MODULES = YES;
				CLANG_ENABLE_OBJC_ARC = YES;
				CLANG_ENABLE_OBJC_WEAK = YES;
				CLANG_WARN_BLOCK_CAPTURE_AUTORELEASING = YES;
				CLANG_WARN_BOOL_CONVERSION = YES;
				CLANG_WARN_COMMA = YES;
				CLANG_WARN_CONSTANT_CONVERSION = YES;
				CLANG_WARN_DEPRECATED_OBJC_IMPLEMENTATIONS = YES;
				CLANG_WARN_DIRECT_OBJC_ISA_USAGE = YES_ERROR;
				CLANG_WARN_DOCUMENTATION_COMMENTS = YES;
				CLANG_WARN_EMPTY_BODY = YES;
				CLANG_WARN_ENUM_CONVERSION = YES;
				CLANG_WARN_INFINITE_RECURSION = YES;
				CLANG_WARN_INT_CONVERSION = YES;
				CLANG_WARN_NON_LITERAL_NULL_CONVERSION = YES;
				CLANG_WARN_OBJC_IMPLICIT_RETAIN_SELF = YES;
				CLANG_WARN_OBJC_LITERAL_CONVERSION = YES;
				CLANG_WARN_OBJC_ROOT_CLASS = YES_ERROR;
				CLANG_WARN_QUOTED_INCLUDE_IN_FRAMEWORK_HEADER = YES;
				CLANG_WARN_RANGE_LOOP_ANALYSIS = YES;
				CLANG_WARN_STRICT_PROTOTYPES = YES;
				CLANG_WARN_SUSPICIOUS_MOVE = YES;
				CLANG_WARN_UNGUARDED_AVAILABILITY = YES_AGGRESSIVE;
				CLANG_WARN_UNREACHABLE_CODE = YES;
				CLANG_WARN__DUPLICATE_METHOD_MATCH = YES;
				COPY_PHASE_STRIP = NO;
				DEBUG_INFORMATION_FORMAT = "dwarf-with-dsym";
				ENABLE_NS_ASSERTIONS = NO;
				ENABLE_STRICT_OBJC_MSGSEND = YES;
				ENABLE_USER_SCRIPT_SANDBOXING = YES;
				GCC_C_LANGUAGE_STANDARD = gnu17;
				GCC_NO_COMMON_BLOCKS = YES;
				GCC_WARN_64_TO_32_BIT_CONVERSION = YES;
				GCC_WARN_ABOUT_RETURN_TYPE = YES_ERROR;
				GCC_WARN_UNDECLARED_SELECTOR = YES;
				GCC_WARN_UNINITIALIZED_AUTOS = YES_AGGRESSIVE;
				GCC_WARN_UNUSED_FUNCTION = YES;
				GCC_WARN_UNUSED_VARIABLE = YES;
				IPHONEOS_DEPLOYMENT_TARGET = 17.5;
				LOCALIZATION_PREFERS_STRING_CATALOGS = YES;
				MTL_ENABLE_DEBUG_INFO = NO;
				MTL_FAST_MATH = YES;
				SDKROOT = iphoneos;
				SWIFT_COMPILATION_MODE = wholemodule;
				VALIDATE_PRODUCT = YES;
			};
			name = Release;
		};
		AC7740EA2CA4EE0900EAFC10 /* Debug */ = {
			isa = XCBuildConfiguration;
			buildSettings = {
				ASSETCATALOG_COMPILER_APPICON_NAME = AppIcon;
				ASSETCATALOG_COMPILER_GLOBAL_ACCENT_COLOR_NAME = AccentColor;
				CODE_SIGN_STYLE = Automatic;
				CURRENT_PROJECT_VERSION = 1;
				DEVELOPMENT_ASSET_PATHS = "\"FlickrApp/Preview Content\"";
				DEVELOPMENT_TEAM = D25428G47U;
				ENABLE_PREVIEWS = YES;
				GENERATE_INFOPLIST_FILE = YES;
				INFOPLIST_KEY_UIApplicationSceneManifest_Generation = YES;
				INFOPLIST_KEY_UIApplicationSupportsIndirectInputEvents = YES;
				INFOPLIST_KEY_UILaunchScreen_Generation = YES;
				INFOPLIST_KEY_UISupportedInterfaceOrientations_iPad = "UIInterfaceOrientationPortrait UIInterfaceOrientationPortraitUpsideDown UIInterfaceOrientationLandscapeLeft UIInterfaceOrientationLandscapeRight";
				INFOPLIST_KEY_UISupportedInterfaceOrientations_iPhone = "UIInterfaceOrientationPortrait UIInterfaceOrientationLandscapeLeft UIInterfaceOrientationLandscapeRight";
				LD_RUNPATH_SEARCH_PATHS = (
					"$(inherited)",
					"@executable_path/Frameworks",
				);
				MARKETING_VERSION = 1.0;
				PRODUCT_BUNDLE_IDENTIFIER = com.daimler.ris.enterprise.mycar.mbition.FlickrApp;
				PRODUCT_NAME = "$(TARGET_NAME)";
				SWIFT_EMIT_LOC_STRINGS = YES;
				SWIFT_VERSION = 5.0;
				TARGETED_DEVICE_FAMILY = "1,2";
			};
			name = Debug;
		};
		AC7740EB2CA4EE0900EAFC10 /* Release */ = {
			isa = XCBuildConfiguration;
			buildSettings = {
				ASSETCATALOG_COMPILER_APPICON_NAME = AppIcon;
				ASSETCATALOG_COMPILER_GLOBAL_ACCENT_COLOR_NAME = AccentColor;
				CODE_SIGN_STYLE = Automatic;
				CURRENT_PROJECT_VERSION = 1;
				DEVELOPMENT_ASSET_PATHS = "\"FlickrApp/Preview Content\"";
				DEVELOPMENT_TEAM = D25428G47U;
				ENABLE_PREVIEWS = YES;
				GENERATE_INFOPLIST_FILE = YES;
				INFOPLIST_KEY_UIApplicationSceneManifest_Generation = YES;
				INFOPLIST_KEY_UIApplicationSupportsIndirectInputEvents = YES;
				INFOPLIST_KEY_UILaunchScreen_Generation = YES;
				INFOPLIST_KEY_UISupportedInterfaceOrientations_iPad = "UIInterfaceOrientationPortrait UIInterfaceOrientationPortraitUpsideDown UIInterfaceOrientationLandscapeLeft UIInterfaceOrientationLandscapeRight";
				INFOPLIST_KEY_UISupportedInterfaceOrientations_iPhone = "UIInterfaceOrientationPortrait UIInterfaceOrientationLandscapeLeft UIInterfaceOrientationLandscapeRight";
				LD_RUNPATH_SEARCH_PATHS = (
					"$(inherited)",
					"@executable_path/Frameworks",
				);
				MARKETING_VERSION = 1.0;
				PRODUCT_BUNDLE_IDENTIFIER = com.daimler.ris.enterprise.mycar.mbition.FlickrApp;
				PRODUCT_NAME = "$(TARGET_NAME)";
				SWIFT_EMIT_LOC_STRINGS = YES;
				SWIFT_VERSION = 5.0;
				TARGETED_DEVICE_FAMILY = "1,2";
			};
			name = Release;
		};
		AC7740ED2CA4EE0900EAFC10 /* Debug */ = {
			isa = XCBuildConfiguration;
			buildSettings = {
				ALWAYS_EMBED_SWIFT_STANDARD_LIBRARIES = YES;
				BUNDLE_LOADER = "$(TEST_HOST)";
				CODE_SIGN_STYLE = Automatic;
				CURRENT_PROJECT_VERSION = 1;
				DEVELOPMENT_TEAM = D25428G47U;
				GENERATE_INFOPLIST_FILE = YES;
				IPHONEOS_DEPLOYMENT_TARGET = 17.5;
				MARKETING_VERSION = 1.0;
				PRODUCT_BUNDLE_IDENTIFIER = com.daimler.ris.enterprise.mycar.mbition.FlickrAppTests;
				PRODUCT_NAME = "$(TARGET_NAME)";
				SWIFT_EMIT_LOC_STRINGS = NO;
				SWIFT_VERSION = 5.0;
				TARGETED_DEVICE_FAMILY = "1,2";
				TEST_HOST = "$(BUILT_PRODUCTS_DIR)/FlickrApp.app/$(BUNDLE_EXECUTABLE_FOLDER_PATH)/FlickrApp";
			};
			name = Debug;
		};
		AC7740EE2CA4EE0900EAFC10 /* Release */ = {
			isa = XCBuildConfiguration;
			buildSettings = {
				ALWAYS_EMBED_SWIFT_STANDARD_LIBRARIES = YES;
				BUNDLE_LOADER = "$(TEST_HOST)";
				CODE_SIGN_STYLE = Automatic;
				CURRENT_PROJECT_VERSION = 1;
				DEVELOPMENT_TEAM = D25428G47U;
				GENERATE_INFOPLIST_FILE = YES;
				IPHONEOS_DEPLOYMENT_TARGET = 17.5;
				MARKETING_VERSION = 1.0;
				PRODUCT_BUNDLE_IDENTIFIER = com.daimler.ris.enterprise.mycar.mbition.FlickrAppTests;
				PRODUCT_NAME = "$(TARGET_NAME)";
				SWIFT_EMIT_LOC_STRINGS = NO;
				SWIFT_VERSION = 5.0;
				TARGETED_DEVICE_FAMILY = "1,2";
				TEST_HOST = "$(BUILT_PRODUCTS_DIR)/FlickrApp.app/$(BUNDLE_EXECUTABLE_FOLDER_PATH)/FlickrApp";
			};
			name = Release;
		};
		AC7740F02CA4EE0900EAFC10 /* Debug */ = {
			isa = XCBuildConfiguration;
			buildSettings = {
				ALWAYS_EMBED_SWIFT_STANDARD_LIBRARIES = YES;
				CODE_SIGN_STYLE = Automatic;
				CURRENT_PROJECT_VERSION = 1;
				DEVELOPMENT_TEAM = D25428G47U;
				GENERATE_INFOPLIST_FILE = YES;
				MARKETING_VERSION = 1.0;
				PRODUCT_BUNDLE_IDENTIFIER = com.daimler.ris.enterprise.mycar.mbition.FlickrAppUITests;
				PRODUCT_NAME = "$(TARGET_NAME)";
				SWIFT_EMIT_LOC_STRINGS = NO;
				SWIFT_VERSION = 5.0;
				TARGETED_DEVICE_FAMILY = "1,2";
				TEST_TARGET_NAME = FlickrApp;
			};
			name = Debug;
		};
		AC7740F12CA4EE0900EAFC10 /* Release */ = {
			isa = XCBuildConfiguration;
			buildSettings = {
				ALWAYS_EMBED_SWIFT_STANDARD_LIBRARIES = YES;
				CODE_SIGN_STYLE = Automatic;
				CURRENT_PROJECT_VERSION = 1;
				DEVELOPMENT_TEAM = D25428G47U;
				GENERATE_INFOPLIST_FILE = YES;
				MARKETING_VERSION = 1.0;
				PRODUCT_BUNDLE_IDENTIFIER = com.daimler.ris.enterprise.mycar.mbition.FlickrAppUITests;
				PRODUCT_NAME = "$(TARGET_NAME)";
				SWIFT_EMIT_LOC_STRINGS = NO;
				SWIFT_VERSION = 5.0;
				TARGETED_DEVICE_FAMILY = "1,2";
				TEST_TARGET_NAME = FlickrApp;
			};
			name = Release;
		};
/* End XCBuildConfiguration section */

/* Begin XCConfigurationList section */
		AC7740BB2CA4EE0700EAFC10 /* Build configuration list for PBXProject "FlickrApp" */ = {
			isa = XCConfigurationList;
			buildConfigurations = (
				AC7740E72CA4EE0900EAFC10 /* Debug */,
				AC7740E82CA4EE0900EAFC10 /* Release */,
			);
			defaultConfigurationIsVisible = 0;
			defaultConfigurationName = Release;
		};
		AC7740E92CA4EE0900EAFC10 /* Build configuration list for PBXNativeTarget "FlickrApp" */ = {
			isa = XCConfigurationList;
			buildConfigurations = (
				AC7740EA2CA4EE0900EAFC10 /* Debug */,
				AC7740EB2CA4EE0900EAFC10 /* Release */,
			);
			defaultConfigurationIsVisible = 0;
			defaultConfigurationName = Release;
		};
		AC7740EC2CA4EE0900EAFC10 /* Build configuration list for PBXNativeTarget "FlickrAppTests" */ = {
			isa = XCConfigurationList;
			buildConfigurations = (
				AC7740ED2CA4EE0900EAFC10 /* Debug */,
				AC7740EE2CA4EE0900EAFC10 /* Release */,
			);
			defaultConfigurationIsVisible = 0;
			defaultConfigurationName = Release;
		};
		AC7740EF2CA4EE0900EAFC10 /* Build configuration list for PBXNativeTarget "FlickrAppUITests" */ = {
			isa = XCConfigurationList;
			buildConfigurations = (
				AC7740F02CA4EE0900EAFC10 /* Debug */,
				AC7740F12CA4EE0900EAFC10 /* Release */,
			);
			defaultConfigurationIsVisible = 0;
			defaultConfigurationName = Release;
		};
/* End XCConfigurationList section */

/* Begin XCVersionGroup section */
		AC7740CE2CA4EE0800EAFC10 /* FlickrApp.xcdatamodeld */ = {
			isa = XCVersionGroup;
			children = (
				AC7740CF2CA4EE0800EAFC10 /* FlickrApp.xcdatamodel */,
			);
			currentVersion = AC7740CF2CA4EE0800EAFC10 /* FlickrApp.xcdatamodel */;
			path = FlickrApp.xcdatamodeld;
			sourceTree = "<group>";
			versionGroupType = wrapper.xcdatamodel;
		};
/* End XCVersionGroup section */
	};
	rootObject = AC7740B82CA4EE0700EAFC10 /* Project object */;
}
